
Microsoft Visual Studio Solution File, Format Version 12.00
# Visual Studio 15
VisualStudioVersion = 15.0.28010.2026
MinimumVisualStudioVersion = 10.0.40219.1
Project("{FAE04EC0-301F-11D3-BF4B-00C04F79EFBC}") = "WebTaskApplication", "WebTaskApplication\WebTaskApplication.csproj", "{8EC0F840-616E-4E24-9007-846E6EA13186}"
EndProject
Global
	GlobalSection(SolutionConfigurationPlatforms) = preSolution
		Debug|Any CPU = Debug|Any CPU
		Release|Any CPU = Release|Any CPU
	EndGlobalSection
	GlobalSection(ProjectConfigurationPlatforms) = postSolution
		{8EC0F840-616E-4E24-9007-846E6EA13186}.Debug|Any CPU.ActiveCfg = Debug|Any CPU
		{8EC0F840-616E-4E24-9007-846E6EA13186}.Debug|Any CPU.Build.0 = Debug|Any CPU
		{8EC0F840-616E-4E24-9007-846E6EA13186}.Release|Any CPU.ActiveCfg = Release|Any CPU
		{8EC0F840-616E-4E24-9007-846E6EA13186}.Release|Any CPU.Build.0 = Release|Any CPU
	EndGlobalSection
	GlobalSection(SolutionProperties) = preSolution
		HideSolutionNode = FALSE
	EndGlobalSection
	GlobalSection(ExtensibilityGlobals) = postSolution
		SolutionGuid = {E8BA15DC-A218-48BA-A1AA-34D8D1136305}
	EndGlobalSection
EndGlobal
