
Microsoft Visual Studio Solution File, Format Version 12.00
# Visual Studio 15
VisualStudioVersion = 15.0.28010.2026
MinimumVisualStudioVersion = 10.0.40219.1
Project("{FAE04EC0-301F-11D3-BF4B-00C04F79EFBC}") = "AppsXam.Android", "AppsXam\AppsXam.Android\AppsXam.Android.csproj", "{26844E67-88E5-4DC5-947C-B7DE112E69B0}"
EndProject
Project("{FAE04EC0-301F-11D3-BF4B-00C04F79EFBC}") = "AppsXam.iOS", "AppsXam\AppsXam.iOS\AppsXam.iOS.csproj", "{2370F69D-F739-4EE4-A2D4-599935CD9762}"
EndProject
Project("{FAE04EC0-301F-11D3-BF4B-00C04F79EFBC}") = "AppsXam", "AppsXam\AppsXam\AppsXam.csproj", "{56DE347E-421A-41FA-9164-400DCA104489}"
EndProject
Global
	GlobalSection(SolutionConfigurationPlatforms) = preSolution
		Ad-Hoc|Any CPU = Ad-Hoc|Any CPU
		Ad-Hoc|iPhone = Ad-Hoc|iPhone
		Ad-Hoc|iPhoneSimulator = Ad-Hoc|iPhoneSimulator
		AppStore|Any CPU = AppStore|Any CPU
		AppStore|iPhone = AppStore|iPhone
		AppStore|iPhoneSimulator = AppStore|iPhoneSimulator
		Debug|Any CPU = Debug|Any CPU
		Debug|iPhone = Debug|iPhone
		Debug|iPhoneSimulator = Debug|iPhoneSimulator
		Release|Any CPU = Release|Any CPU
		Release|iPhone = Release|iPhone
		Release|iPhoneSimulator = Release|iPhoneSimulator
	EndGlobalSection
	GlobalSection(ProjectConfigurationPlatforms) = postSolution
		{26844E67-88E5-4DC5-947C-B7DE112E69B0}.Ad-Hoc|Any CPU.ActiveCfg = Release|Any CPU
		{26844E67-88E5-4DC5-947C-B7DE112E69B0}.Ad-Hoc|Any CPU.Build.0 = Release|Any CPU
		{26844E67-88E5-4DC5-947C-B7DE112E69B0}.Ad-Hoc|Any CPU.Deploy.0 = Release|Any CPU
		{26844E67-88E5-4DC5-947C-B7DE112E69B0}.Ad-Hoc|iPhone.ActiveCfg = Release|Any CPU
		{26844E67-88E5-4DC5-947C-B7DE112E69B0}.Ad-Hoc|iPhone.Build.0 = Release|Any CPU
		{26844E67-88E5-4DC5-947C-B7DE112E69B0}.Ad-Hoc|iPhone.Deploy.0 = Release|Any CPU
		{26844E67-88E5-4DC5-947C-B7DE112E69B0}.Ad-Hoc|iPhoneSimulator.ActiveCfg = Release|Any CPU
		{26844E67-88E5-4DC5-947C-B7DE112E69B0}.Ad-Hoc|iPhoneSimulator.Build.0 = Release|Any CPU
		{26844E67-88E5-4DC5-947C-B7DE112E69B0}.Ad-Hoc|iPhoneSimulator.Deploy.0 = Release|Any CPU
		{26844E67-88E5-4DC5-947C-B7DE112E69B0}.AppStore|Any CPU.ActiveCfg = Release|Any CPU
		{26844E67-88E5-4DC5-947C-B7DE112E69B0}.AppStore|Any CPU.Build.0 = Release|Any CPU
		{26844E67-88E5-4DC5-947C-B7DE112E69B0}.AppStore|Any CPU.Deploy.0 = Release|Any CPU
		{26844E67-88E5-4DC5-947C-B7DE112E69B0}.AppStore|iPhone.ActiveCfg = Release|Any CPU
		{26844E67-88E5-4DC5-947C-B7DE112E69B0}.AppStore|iPhone.Build.0 = Release|Any CPU
		{26844E67-88E5-4DC5-947C-B7DE112E69B0}.AppStore|iPhone.Deploy.0 = Release|Any CPU
		{26844E67-88E5-4DC5-947C-B7DE112E69B0}.AppStore|iPhoneSimulator.ActiveCfg = Release|Any CPU
		{26844E67-88E5-4DC5-947C-B7DE112E69B0}.AppStore|iPhoneSimulator.Build.0 = Release|Any CPU
		{26844E67-88E5-4DC5-947C-B7DE112E69B0}.AppStore|iPhoneSimulator.Deploy.0 = Release|Any CPU
		{26844E67-88E5-4DC5-947C-B7DE112E69B0}.Debug|Any CPU.ActiveCfg = Debug|Any CPU
		{26844E67-88E5-4DC5-947C-B7DE112E69B0}.Debug|Any CPU.Build.0 = Debug|Any CPU
		{26844E67-88E5-4DC5-947C-B7DE112E69B0}.Debug|Any CPU.Deploy.0 = Debug|Any CPU
		{26844E67-88E5-4DC5-947C-B7DE112E69B0}.Debug|iPhone.ActiveCfg = Debug|Any CPU
		{26844E67-88E5-4DC5-947C-B7DE112E69B0}.Debug|iPhone.Build.0 = Debug|Any CPU
		{26844E67-88E5-4DC5-947C-B7DE112E69B0}.Debug|iPhone.Deploy.0 = Debug|Any CPU
		{26844E67-88E5-4DC5-947C-B7DE112E69B0}.Debug|iPhoneSimulator.ActiveCfg = Debug|Any CPU
		{26844E67-88E5-4DC5-947C-B7DE112E69B0}.Debug|iPhoneSimulator.Build.0 = Debug|Any CPU
		{26844E67-88E5-4DC5-947C-B7DE112E69B0}.Debug|iPhoneSimulator.Deploy.0 = Debug|Any CPU
		{26844E67-88E5-4DC5-947C-B7DE112E69B0}.Release|Any CPU.ActiveCfg = Release|Any CPU
		{26844E67-88E5-4DC5-947C-B7DE112E69B0}.Release|Any CPU.Build.0 = Release|Any CPU
		{26844E67-88E5-4DC5-947C-B7DE112E69B0}.Release|Any CPU.Deploy.0 = Release|Any CPU
		{26844E67-88E5-4DC5-947C-B7DE112E69B0}.Release|iPhone.ActiveCfg = Release|Any CPU
		{26844E67-88E5-4DC5-947C-B7DE112E69B0}.Release|iPhone.Build.0 = Release|Any CPU
		{26844E67-88E5-4DC5-947C-B7DE112E69B0}.Release|iPhone.Deploy.0 = Release|Any CPU
		{26844E67-88E5-4DC5-947C-B7DE112E69B0}.Release|iPhoneSimulator.ActiveCfg = Release|Any CPU
		{26844E67-88E5-4DC5-947C-B7DE112E69B0}.Release|iPhoneSimulator.Build.0 = Release|Any CPU
		{26844E67-88E5-4DC5-947C-B7DE112E69B0}.Release|iPhoneSimulator.Deploy.0 = Release|Any CPU
		{2370F69D-F739-4EE4-A2D4-599935CD9762}.Ad-Hoc|Any CPU.ActiveCfg = Ad-Hoc|iPhone
		{2370F69D-F739-4EE4-A2D4-599935CD9762}.Ad-Hoc|Any CPU.Build.0 = Ad-Hoc|iPhone
		{2370F69D-F739-4EE4-A2D4-599935CD9762}.Ad-Hoc|Any CPU.Deploy.0 = Ad-Hoc|iPhone
		{2370F69D-F739-4EE4-A2D4-599935CD9762}.Ad-Hoc|iPhone.ActiveCfg = Ad-Hoc|iPhone
		{2370F69D-F739-4EE4-A2D4-599935CD9762}.Ad-Hoc|iPhone.Build.0 = Ad-Hoc|iPhone
		{2370F69D-F739-4EE4-A2D4-599935CD9762}.Ad-Hoc|iPhone.Deploy.0 = Ad-Hoc|iPhone
		{2370F69D-F739-4EE4-A2D4-599935CD9762}.Ad-Hoc|iPhoneSimulator.ActiveCfg = Ad-Hoc|iPhoneSimulator
		{2370F69D-F739-4EE4-A2D4-599935CD9762}.Ad-Hoc|iPhoneSimulator.Build.0 = Ad-Hoc|iPhoneSimulator
		{2370F69D-F739-4EE4-A2D4-599935CD9762}.Ad-Hoc|iPhoneSimulator.Deploy.0 = Ad-Hoc|iPhoneSimulator
		{2370F69D-F739-4EE4-A2D4-599935CD9762}.AppStore|Any CPU.ActiveCfg = AppStore|iPhone
		{2370F69D-F739-4EE4-A2D4-599935CD9762}.AppStore|Any CPU.Build.0 = AppStore|iPhone
		{2370F69D-F739-4EE4-A2D4-599935CD9762}.AppStore|Any CPU.Deploy.0 = AppStore|iPhone
		{2370F69D-F739-4EE4-A2D4-599935CD9762}.AppStore|iPhone.ActiveCfg = AppStore|iPhone
		{2370F69D-F739-4EE4-A2D4-599935CD9762}.AppStore|iPhone.Build.0 = AppStore|iPhone
		{2370F69D-F739-4EE4-A2D4-599935CD9762}.AppStore|iPhone.Deploy.0 = AppStore|iPhone
		{2370F69D-F739-4EE4-A2D4-599935CD9762}.AppStore|iPhoneSimulator.ActiveCfg = AppStore|iPhoneSimulator
		{2370F69D-F739-4EE4-A2D4-599935CD9762}.AppStore|iPhoneSimulator.Build.0 = AppStore|iPhoneSimulator
		{2370F69D-F739-4EE4-A2D4-599935CD9762}.AppStore|iPhoneSimulator.Deploy.0 = AppStore|iPhoneSimulator
		{2370F69D-F739-4EE4-A2D4-599935CD9762}.Debug|Any CPU.ActiveCfg = Debug|iPhoneSimulator
		{2370F69D-F739-4EE4-A2D4-599935CD9762}.Debug|Any CPU.Build.0 = Debug|iPhoneSimulator
		{2370F69D-F739-4EE4-A2D4-599935CD9762}.Debug|Any CPU.Deploy.0 = Debug|iPhoneSimulator
		{2370F69D-F739-4EE4-A2D4-599935CD9762}.Debug|iPhone.ActiveCfg = Debug|iPhone
		{2370F69D-F739-4EE4-A2D4-599935CD9762}.Debug|iPhone.Build.0 = Debug|iPhone
		{2370F69D-F739-4EE4-A2D4-599935CD9762}.Debug|iPhone.Deploy.0 = Debug|iPhone
		{2370F69D-F739-4EE4-A2D4-599935CD9762}.Debug|iPhoneSimulator.ActiveCfg = Debug|iPhoneSimulator
		{2370F69D-F739-4EE4-A2D4-599935CD9762}.Debug|iPhoneSimulator.Build.0 = Debug|iPhoneSimulator
		{2370F69D-F739-4EE4-A2D4-599935CD9762}.Debug|iPhoneSimulator.Deploy.0 = Debug|iPhoneSimulator
		{2370F69D-F739-4EE4-A2D4-599935CD9762}.Release|Any CPU.ActiveCfg = Release|iPhone
		{2370F69D-F739-4EE4-A2D4-599935CD9762}.Release|Any CPU.Build.0 = Release|iPhone
		{2370F69D-F739-4EE4-A2D4-599935CD9762}.Release|Any CPU.Deploy.0 = Release|iPhone
		{2370F69D-F739-4EE4-A2D4-599935CD9762}.Release|iPhone.ActiveCfg = Release|iPhone
		{2370F69D-F739-4EE4-A2D4-599935CD9762}.Release|iPhone.Build.0 = Release|iPhone
		{2370F69D-F739-4EE4-A2D4-599935CD9762}.Release|iPhone.Deploy.0 = Release|iPhone
		{2370F69D-F739-4EE4-A2D4-599935CD9762}.Release|iPhoneSimulator.ActiveCfg = Release|iPhoneSimulator
		{2370F69D-F739-4EE4-A2D4-599935CD9762}.Release|iPhoneSimulator.Build.0 = Release|iPhoneSimulator
		{2370F69D-F739-4EE4-A2D4-599935CD9762}.Release|iPhoneSimulator.Deploy.0 = Release|iPhoneSimulator
		{56DE347E-421A-41FA-9164-400DCA104489}.Ad-Hoc|Any CPU.ActiveCfg = Debug|Any CPU
		{56DE347E-421A-41FA-9164-400DCA104489}.Ad-Hoc|Any CPU.Build.0 = Debug|Any CPU
		{56DE347E-421A-41FA-9164-400DCA104489}.Ad-Hoc|Any CPU.Deploy.0 = Debug|Any CPU
		{56DE347E-421A-41FA-9164-400DCA104489}.Ad-Hoc|iPhone.ActiveCfg = Debug|Any CPU
		{56DE347E-421A-41FA-9164-400DCA104489}.Ad-Hoc|iPhone.Build.0 = Debug|Any CPU
		{56DE347E-421A-41FA-9164-400DCA104489}.Ad-Hoc|iPhone.Deploy.0 = Debug|Any CPU
		{56DE347E-421A-41FA-9164-400DCA104489}.Ad-Hoc|iPhoneSimulator.ActiveCfg = Debug|Any CPU
		{56DE347E-421A-41FA-9164-400DCA104489}.Ad-Hoc|iPhoneSimulator.Build.0 = Debug|Any CPU
		{56DE347E-421A-41FA-9164-400DCA104489}.Ad-Hoc|iPhoneSimulator.Deploy.0 = Debug|Any CPU
		{56DE347E-421A-41FA-9164-400DCA104489}.AppStore|Any CPU.ActiveCfg = Debug|Any CPU
		{56DE347E-421A-41FA-9164-400DCA104489}.AppStore|Any CPU.Build.0 = Debug|Any CPU
		{56DE347E-421A-41FA-9164-400DCA104489}.AppStore|Any CPU.Deploy.0 = Debug|Any CPU
		{56DE347E-421A-41FA-9164-400DCA104489}.AppStore|iPhone.ActiveCfg = Debug|Any CPU
		{56DE347E-421A-41FA-9164-400DCA104489}.AppStore|iPhone.Build.0 = Debug|Any CPU
		{56DE347E-421A-41FA-9164-400DCA104489}.AppStore|iPhone.Deploy.0 = Debug|Any CPU
		{56DE347E-421A-41FA-9164-400DCA104489}.AppStore|iPhoneSimulator.ActiveCfg = Debug|Any CPU
		{56DE347E-421A-41FA-9164-400DCA104489}.AppStore|iPhoneSimulator.Build.0 = Debug|Any CPU
		{56DE347E-421A-41FA-9164-400DCA104489}.AppStore|iPhoneSimulator.Deploy.0 = Debug|Any CPU
		{56DE347E-421A-41FA-9164-400DCA104489}.Debug|Any CPU.ActiveCfg = Debug|Any CPU
		{56DE347E-421A-41FA-9164-400DCA104489}.Debug|Any CPU.Build.0 = Debug|Any CPU
		{56DE347E-421A-41FA-9164-400DCA104489}.Debug|Any CPU.Deploy.0 = Debug|Any CPU
		{56DE347E-421A-41FA-9164-400DCA104489}.Debug|iPhone.ActiveCfg = Debug|Any CPU
		{56DE347E-421A-41FA-9164-400DCA104489}.Debug|iPhone.Build.0 = Debug|Any CPU
		{56DE347E-421A-41FA-9164-400DCA104489}.Debug|iPhone.Deploy.0 = Debug|Any CPU
		{56DE347E-421A-41FA-9164-400DCA104489}.Debug|iPhoneSimulator.ActiveCfg = Debug|Any CPU
		{56DE347E-421A-41FA-9164-400DCA104489}.Debug|iPhoneSimulator.Build.0 = Debug|Any CPU
		{56DE347E-421A-41FA-9164-400DCA104489}.Debug|iPhoneSimulator.Deploy.0 = Debug|Any CPU
		{56DE347E-421A-41FA-9164-400DCA104489}.Release|Any CPU.ActiveCfg = Release|Any CPU
		{56DE347E-421A-41FA-9164-400DCA104489}.Release|Any CPU.Build.0 = Release|Any CPU
		{56DE347E-421A-41FA-9164-400DCA104489}.Release|Any CPU.Deploy.0 = Release|Any CPU
		{56DE347E-421A-41FA-9164-400DCA104489}.Release|iPhone.ActiveCfg = Release|Any CPU
		{56DE347E-421A-41FA-9164-400DCA104489}.Release|iPhone.Build.0 = Release|Any CPU
		{56DE347E-421A-41FA-9164-400DCA104489}.Release|iPhone.Deploy.0 = Release|Any CPU
		{56DE347E-421A-41FA-9164-400DCA104489}.Release|iPhoneSimulator.ActiveCfg = Release|Any CPU
		{56DE347E-421A-41FA-9164-400DCA104489}.Release|iPhoneSimulator.Build.0 = Release|Any CPU
		{56DE347E-421A-41FA-9164-400DCA104489}.Release|iPhoneSimulator.Deploy.0 = Release|Any CPU
	EndGlobalSection
	GlobalSection(SolutionProperties) = preSolution
		HideSolutionNode = FALSE
	EndGlobalSection
	GlobalSection(ExtensibilityGlobals) = postSolution
		SolutionGuid = {6C6F11C3-B796-458B-9517-0D1E2DC67C09}
	EndGlobalSection
EndGlobal
